// !$*UTF8*$!
{
	archiveVersion = 1;
	classes = {
	};
	objectVersion = 56;
	objects = {

/* Begin PBXBuildFile section */
		ED96F8DA2B62B57A0062245E /* WeOutApp.swift in Sources */ = {isa = PBXBuildFile; fileRef = ED96F8D92B62B57A0062245E /* WeOutApp.swift */; };
		ED96F8DC2B62B57A0062245E /* ContentView.swift in Sources */ = {isa = PBXBuildFile; fileRef = ED96F8DB2B62B57A0062245E /* ContentView.swift */; };
		ED96F8DE2B62B57C0062245E /* Assets.xcassets in Resources */ = {isa = PBXBuildFile; fileRef = ED96F8DD2B62B57C0062245E /* Assets.xcassets */; };
		ED96F8E12B62B57C0062245E /* Preview Assets.xcassets in Resources */ = {isa = PBXBuildFile; fileRef = ED96F8E02B62B57C0062245E /* Preview Assets.xcassets */; };
		ED96F8E82B62B6CA0062245E /* Data Model 1.swift in Sources */ = {isa = PBXBuildFile; fileRef = ED96F8E72B62B6CA0062245E /* Data Model 1.swift */; };
		ED96F8EA2B62B6E10062245E /* Data Model 2.swift in Sources */ = {isa = PBXBuildFile; fileRef = ED96F8E92B62B6E10062245E /* Data Model 2.swift */; };
		ED96F8EC2B63E6D60062245E /* ItineraryView.swift in Sources */ = {isa = PBXBuildFile; fileRef = ED96F8EB2B63E6D60062245E /* ItineraryView.swift */; };
		ED96F8EE2B63F0680062245E /* ItineraryDayModel.swift in Sources */ = {isa = PBXBuildFile; fileRef = ED96F8ED2B63F0680062245E /* ItineraryDayModel.swift */; };
		ED96F8F32B6488870062245E /* DashboardView.swift in Sources */ = {isa = PBXBuildFile; fileRef = ED96F8F22B6488870062245E /* DashboardView.swift */; };
		ED96F8F52B6488D10062245E /* TripsView.swift in Sources */ = {isa = PBXBuildFile; fileRef = ED96F8F42B6488D10062245E /* TripsView.swift */; };
		ED96F8F72B649A790062245E /* Tools.swift in Sources */ = {isa = PBXBuildFile; fileRef = ED96F8F62B649A790062245E /* Tools.swift */; };
		ED96F8FC2B692A700062245E /* ItineraryInputSheet.swift in Sources */ = {isa = PBXBuildFile; fileRef = ED96F8FB2B692A700062245E /* ItineraryInputSheet.swift */; };
		EDA19FCC2B6947AE002C84E5 /* ImagePickerTool.swift in Sources */ = {isa = PBXBuildFile; fileRef = EDA19FCB2B6947AE002C84E5 /* ImagePickerTool.swift */; };
/* End PBXBuildFile section */

/* Begin PBXFileReference section */
		ED96F8D62B62B57A0062245E /* WeOut.app */ = {isa = PBXFileReference; explicitFileType = wrapper.application; includeInIndex = 0; path = WeOut.app; sourceTree = BUILT_PRODUCTS_DIR; };
		ED96F8D92B62B57A0062245E /* WeOutApp.swift */ = {isa = PBXFileReference; lastKnownFileType = sourcecode.swift; path = WeOutApp.swift; sourceTree = "<group>"; };
		ED96F8DB2B62B57A0062245E /* ContentView.swift */ = {isa = PBXFileReference; lastKnownFileType = sourcecode.swift; path = ContentView.swift; sourceTree = "<group>"; };
		ED96F8DD2B62B57C0062245E /* Assets.xcassets */ = {isa = PBXFileReference; lastKnownFileType = folder.assetcatalog; path = Assets.xcassets; sourceTree = "<group>"; };
		ED96F8E02B62B57C0062245E /* Preview Assets.xcassets */ = {isa = PBXFileReference; lastKnownFileType = folder.assetcatalog; path = "Preview Assets.xcassets"; sourceTree = "<group>"; };
		ED96F8E72B62B6CA0062245E /* Data Model 1.swift */ = {isa = PBXFileReference; lastKnownFileType = sourcecode.swift; path = "Data Model 1.swift"; sourceTree = "<group>"; };
		ED96F8E92B62B6E10062245E /* Data Model 2.swift */ = {isa = PBXFileReference; lastKnownFileType = sourcecode.swift; path = "Data Model 2.swift"; sourceTree = "<group>"; };
		ED96F8EB2B63E6D60062245E /* ItineraryView.swift */ = {isa = PBXFileReference; lastKnownFileType = sourcecode.swift; path = ItineraryView.swift; sourceTree = "<group>"; };
		ED96F8ED2B63F0680062245E /* ItineraryDayModel.swift */ = {isa = PBXFileReference; lastKnownFileType = sourcecode.swift; path = ItineraryDayModel.swift; sourceTree = "<group>"; };
		ED96F8F22B6488870062245E /* DashboardView.swift */ = {isa = PBXFileReference; lastKnownFileType = sourcecode.swift; path = DashboardView.swift; sourceTree = "<group>"; };
		ED96F8F42B6488D10062245E /* TripsView.swift */ = {isa = PBXFileReference; lastKnownFileType = sourcecode.swift; path = TripsView.swift; sourceTree = "<group>"; };
		ED96F8F62B649A790062245E /* Tools.swift */ = {isa = PBXFileReference; lastKnownFileType = sourcecode.swift; path = Tools.swift; sourceTree = "<group>"; };
		ED96F8FB2B692A700062245E /* ItineraryInputSheet.swift */ = {isa = PBXFileReference; lastKnownFileType = sourcecode.swift; path = ItineraryInputSheet.swift; sourceTree = "<group>"; };
		EDA19FCB2B6947AE002C84E5 /* ImagePickerTool.swift */ = {isa = PBXFileReference; lastKnownFileType = sourcecode.swift; path = ImagePickerTool.swift; sourceTree = "<group>"; };
/* End PBXFileReference section */

/* Begin PBXFrameworksBuildPhase section */
		ED96F8D32B62B57A0062245E /* Frameworks */ = {
			isa = PBXFrameworksBuildPhase;
			buildActionMask = 2147483647;
			files = (
			);
			runOnlyForDeploymentPostprocessing = 0;
		};
/* End PBXFrameworksBuildPhase section */

/* Begin PBXGroup section */
		ED96F8CD2B62B57A0062245E = {
			isa = PBXGroup;
			children = (
				ED96F8D82B62B57A0062245E /* WeOut */,
				ED96F8D72B62B57A0062245E /* Products */,
			);
			sourceTree = "<group>";
		};
		ED96F8D72B62B57A0062245E /* Products */ = {
			isa = PBXGroup;
			children = (
				ED96F8D62B62B57A0062245E /* WeOut.app */,
			);
			name = Products;
			sourceTree = "<group>";
		};
		ED96F8D82B62B57A0062245E /* WeOut */ = {
			isa = PBXGroup;
			children = (
				ED96F8D92B62B57A0062245E /* WeOutApp.swift */,
				ED96F8DB2B62B57A0062245E /* ContentView.swift */,
				EDA19FCA2B694783002C84E5 /* AppTools */,
				EDA19FC92B692AE7002C84E5 /* Sheet */,
				ED96F8F82B64A0E10062245E /* Views */,
				ED96F8FA2B64A1480062245E /* DataModels */,
				ED96F8EF2B641C5C0062245E /* Miscellaneous */,
				ED96F8DD2B62B57C0062245E /* Assets.xcassets */,
				ED96F8DF2B62B57C0062245E /* Preview Content */,
			);
			path = WeOut;
			sourceTree = "<group>";
		};
		ED96F8DF2B62B57C0062245E /* Preview Content */ = {
			isa = PBXGroup;
			children = (
				ED96F8E02B62B57C0062245E /* Preview Assets.xcassets */,
			);
			path = "Preview Content";
			sourceTree = "<group>";
		};
		ED96F8EF2B641C5C0062245E /* Miscellaneous */ = {
			isa = PBXGroup;
			children = (
				ED96F8E72B62B6CA0062245E /* Data Model 1.swift */,
				ED96F8E92B62B6E10062245E /* Data Model 2.swift */,
			);
			path = Miscellaneous;
			sourceTree = "<group>";
		};
		ED96F8F82B64A0E10062245E /* Views */ = {
			isa = PBXGroup;
			children = (
				ED96F8F22B6488870062245E /* DashboardView.swift */,
				ED96F8F42B6488D10062245E /* TripsView.swift */,
				ED96F8EB2B63E6D60062245E /* ItineraryView.swift */,
			);
			path = Views;
			sourceTree = "<group>";
		};
		ED96F8FA2B64A1480062245E /* DataModels */ = {
			isa = PBXGroup;
			children = (
				ED96F8ED2B63F0680062245E /* ItineraryDayModel.swift */,
			);
			path = DataModels;
			sourceTree = "<group>";
		};
		EDA19FC92B692AE7002C84E5 /* Sheet */ = {
			isa = PBXGroup;
			children = (
				ED96F8FB2B692A700062245E /* ItineraryInputSheet.swift */,
			);
			path = Sheet;
			sourceTree = "<group>";
		};
		EDA19FCA2B694783002C84E5 /* AppTools */ = {
			isa = PBXGroup;
			children = (
				ED96F8F62B649A790062245E /* Tools.swift */,
				EDA19FCB2B6947AE002C84E5 /* ImagePickerTool.swift */,
			);
			path = AppTools;
			sourceTree = "<group>";
		};
/* End PBXGroup section */

/* Begin PBXNativeTarget section */
		ED96F8D52B62B57A0062245E /* WeOut */ = {
			isa = PBXNativeTarget;
			buildConfigurationList = ED96F8E42B62B57C0062245E /* Build configuration list for PBXNativeTarget "WeOut" */;
			buildPhases = (
				ED96F8D22B62B57A0062245E /* Sources */,
				ED96F8D32B62B57A0062245E /* Frameworks */,
				ED96F8D42B62B57A0062245E /* Resources */,
			);
			buildRules = (
			);
			dependencies = (
			);
			name = WeOut;
			productName = WeOut;
			productReference = ED96F8D62B62B57A0062245E /* WeOut.app */;
			productType = "com.apple.product-type.application";
		};
/* End PBXNativeTarget section */

/* Begin PBXProject section */
		ED96F8CE2B62B57A0062245E /* Project object */ = {
			isa = PBXProject;
			attributes = {
				BuildIndependentTargetsInParallel = 1;
				LastSwiftUpdateCheck = 1520;
				LastUpgradeCheck = 1520;
				TargetAttributes = {
					ED96F8D52B62B57A0062245E = {
						CreatedOnToolsVersion = 15.2;
					};
				};
			};
			buildConfigurationList = ED96F8D12B62B57A0062245E /* Build configuration list for PBXProject "WeOut" */;
			compatibilityVersion = "Xcode 14.0";
			developmentRegion = en;
			hasScannedForEncodings = 0;
			knownRegions = (
				en,
				Base,
			);
			mainGroup = ED96F8CD2B62B57A0062245E;
			productRefGroup = ED96F8D72B62B57A0062245E /* Products */;
			projectDirPath = "";
			projectRoot = "";
			targets = (
				ED96F8D52B62B57A0062245E /* WeOut */,
			);
		};
/* End PBXProject section */

/* Begin PBXResourcesBuildPhase section */
		ED96F8D42B62B57A0062245E /* Resources */ = {
			isa = PBXResourcesBuildPhase;
			buildActionMask = 2147483647;
			files = (
				ED96F8E12B62B57C0062245E /* Preview Assets.xcassets in Resources */,
				ED96F8DE2B62B57C0062245E /* Assets.xcassets in Resources */,
			);
			runOnlyForDeploymentPostprocessing = 0;
		};
/* End PBXResourcesBuildPhase section */

/* Begin PBXSourcesBuildPhase section */
		ED96F8D22B62B57A0062245E /* Sources */ = {
			isa = PBXSourcesBuildPhase;
			buildActionMask = 2147483647;
			files = (
				EDA19FCC2B6947AE002C84E5 /* ImagePickerTool.swift in Sources */,
				ED96F8E82B62B6CA0062245E /* Data Model 1.swift in Sources */,
				ED96F8F32B6488870062245E /* DashboardView.swift in Sources */,
				ED96F8FC2B692A700062245E /* ItineraryInputSheet.swift in Sources */,
				ED96F8DC2B62B57A0062245E /* ContentView.swift in Sources */,
				ED96F8EA2B62B6E10062245E /* Data Model 2.swift in Sources */,
				ED96F8EE2B63F0680062245E /* ItineraryDayModel.swift in Sources */,
				ED96F8EC2B63E6D60062245E /* ItineraryView.swift in Sources */,
				ED96F8F72B649A790062245E /* Tools.swift in Sources */,
				ED96F8DA2B62B57A0062245E /* WeOutApp.swift in Sources */,
				ED96F8F52B6488D10062245E /* TripsView.swift in Sources */,
			);
			runOnlyForDeploymentPostprocessing = 0;
		};
/* End PBXSourcesBuildPhase section */

/* Begin XCBuildConfiguration section */
		ED96F8E22B62B57C0062245E /* Debug */ = {
			isa = XCBuildConfiguration;
			buildSettings = {
				ALWAYS_SEARCH_USER_PATHS = NO;
				ASSETCATALOG_COMPILER_GENERATE_SWIFT_ASSET_SYMBOL_EXTENSIONS = YES;
				CLANG_ANALYZER_NONNULL = YES;
				CLANG_ANALYZER_NUMBER_OBJECT_CONVERSION = YES_AGGRESSIVE;
				CLANG_CXX_LANGUAGE_STANDARD = "gnu++20";
				CLANG_ENABLE_MODULES = YES;
				CLANG_ENABLE_OBJC_ARC = YES;
				CLANG_ENABLE_OBJC_WEAK = YES;
				CLANG_WARN_BLOCK_CAPTURE_AUTORELEASING = YES;
				CLANG_WARN_BOOL_CONVERSION = YES;
				CLANG_WARN_COMMA = YES;
				CLANG_WARN_CONSTANT_CONVERSION = YES;
				CLANG_WARN_DEPRECATED_OBJC_IMPLEMENTATIONS = YES;
				CLANG_WARN_DIRECT_OBJC_ISA_USAGE = YES_ERROR;
				CLANG_WARN_DOCUMENTATION_COMMENTS = YES;
				CLANG_WARN_EMPTY_BODY = YES;
				CLANG_WARN_ENUM_CONVERSION = YES;
				CLANG_WARN_INFINITE_RECURSION = YES;
				CLANG_WARN_INT_CONVERSION = YES;
				CLANG_WARN_NON_LITERAL_NULL_CONVERSION = YES;
				CLANG_WARN_OBJC_IMPLICIT_RETAIN_SELF = YES;
				CLANG_WARN_OBJC_LITERAL_CONVERSION = YES;
				CLANG_WARN_OBJC_ROOT_CLASS = YES_ERROR;
				CLANG_WARN_QUOTED_INCLUDE_IN_FRAMEWORK_HEADER = YES;
				CLANG_WARN_RANGE_LOOP_ANALYSIS = YES;
				CLANG_WARN_STRICT_PROTOTYPES = YES;
				CLANG_WARN_SUSPICIOUS_MOVE = YES;
				CLANG_WARN_UNGUARDED_AVAILABILITY = YES_AGGRESSIVE;
				CLANG_WARN_UNREACHABLE_CODE = YES;
				CLANG_WARN__DUPLICATE_METHOD_MATCH = YES;
				COPY_PHASE_STRIP = NO;
				DEBUG_INFORMATION_FORMAT = dwarf;
				ENABLE_STRICT_OBJC_MSGSEND = YES;
				ENABLE_TESTABILITY = YES;
				ENABLE_USER_SCRIPT_SANDBOXING = YES;
				GCC_C_LANGUAGE_STANDARD = gnu17;
				GCC_DYNAMIC_NO_PIC = NO;
				GCC_NO_COMMON_BLOCKS = YES;
				GCC_OPTIMIZATION_LEVEL = 0;
				GCC_PREPROCESSOR_DEFINITIONS = (
					"DEBUG=1",
					"$(inherited)",
				);
				GCC_WARN_64_TO_32_BIT_CONVERSION = YES;
				GCC_WARN_ABOUT_RETURN_TYPE = YES_ERROR;
				GCC_WARN_UNDECLARED_SELECTOR = YES;
				GCC_WARN_UNINITIALIZED_AUTOS = YES_AGGRESSIVE;
				GCC_WARN_UNUSED_FUNCTION = YES;
				GCC_WARN_UNUSED_VARIABLE = YES;
				IPHONEOS_DEPLOYMENT_TARGET = 17.2;
				LOCALIZATION_PREFERS_STRING_CATALOGS = YES;
				MTL_ENABLE_DEBUG_INFO = INCLUDE_SOURCE;
				MTL_FAST_MATH = YES;
				ONLY_ACTIVE_ARCH = YES;
				SDKROOT = iphoneos;
				SWIFT_ACTIVE_COMPILATION_CONDITIONS = "DEBUG $(inherited)";
				SWIFT_OPTIMIZATION_LEVEL = "-Onone";
			};
			name = Debug;
		};
		ED96F8E32B62B57C0062245E /* Release */ = {
			isa = XCBuildConfiguration;
			buildSettings = {
				ALWAYS_SEARCH_USER_PATHS = NO;
				ASSETCATALOG_COMPILER_GENERATE_SWIFT_ASSET_SYMBOL_EXTENSIONS = YES;
				CLANG_ANALYZER_NONNULL = YES;
				CLANG_ANALYZER_NUMBER_OBJECT_CONVERSION = YES_AGGRESSIVE;
				CLANG_CXX_LANGUAGE_STANDARD = "gnu++20";
				CLANG_ENABLE_MODULES = YES;
				CLANG_ENABLE_OBJC_ARC = YES;
				CLANG_ENABLE_OBJC_WEAK = YES;
				CLANG_WARN_BLOCK_CAPTURE_AUTORELEASING = YES;
				CLANG_WARN_BOOL_CONVERSION = YES;
				CLANG_WARN_COMMA = YES;
				CLANG_WARN_CONSTANT_CONVERSION = YES;
				CLANG_WARN_DEPRECATED_OBJC_IMPLEMENTATIONS = YES;
				CLANG_WARN_DIRECT_OBJC_ISA_USAGE = YES_ERROR;
				CLANG_WARN_DOCUMENTATION_COMMENTS = YES;
				CLANG_WARN_EMPTY_BODY = YES;
				CLANG_WARN_ENUM_CONVERSION = YES;
				CLANG_WARN_INFINITE_RECURSION = YES;
				CLANG_WARN_INT_CONVERSION = YES;
				CLANG_WARN_NON_LITERAL_NULL_CONVERSION = YES;
				CLANG_WARN_OBJC_IMPLICIT_RETAIN_SELF = YES;
				CLANG_WARN_OBJC_LITERAL_CONVERSION = YES;
				CLANG_WARN_OBJC_ROOT_CLASS = YES_ERROR;
				CLANG_WARN_QUOTED_INCLUDE_IN_FRAMEWORK_HEADER = YES;
				CLANG_WARN_RANGE_LOOP_ANALYSIS = YES;
				CLANG_WARN_STRICT_PROTOTYPES = YES;
				CLANG_WARN_SUSPICIOUS_MOVE = YES;
				CLANG_WARN_UNGUARDED_AVAILABILITY = YES_AGGRESSIVE;
				CLANG_WARN_UNREACHABLE_CODE = YES;
				CLANG_WARN__DUPLICATE_METHOD_MATCH = YES;
				COPY_PHASE_STRIP = NO;
				DEBUG_INFORMATION_FORMAT = "dwarf-with-dsym";
				ENABLE_NS_ASSERTIONS = NO;
				ENABLE_STRICT_OBJC_MSGSEND = YES;
				ENABLE_USER_SCRIPT_SANDBOXING = YES;
				GCC_C_LANGUAGE_STANDARD = gnu17;
				GCC_NO_COMMON_BLOCKS = YES;
				GCC_WARN_64_TO_32_BIT_CONVERSION = YES;
				GCC_WARN_ABOUT_RETURN_TYPE = YES_ERROR;
				GCC_WARN_UNDECLARED_SELECTOR = YES;
				GCC_WARN_UNINITIALIZED_AUTOS = YES_AGGRESSIVE;
				GCC_WARN_UNUSED_FUNCTION = YES;
				GCC_WARN_UNUSED_VARIABLE = YES;
				IPHONEOS_DEPLOYMENT_TARGET = 17.2;
				LOCALIZATION_PREFERS_STRING_CATALOGS = YES;
				MTL_ENABLE_DEBUG_INFO = NO;
				MTL_FAST_MATH = YES;
				SDKROOT = iphoneos;
				SWIFT_COMPILATION_MODE = wholemodule;
				VALIDATE_PRODUCT = YES;
			};
			name = Release;
		};
		ED96F8E52B62B57C0062245E /* Debug */ = {
			isa = XCBuildConfiguration;
			buildSettings = {
				ASSETCATALOG_COMPILER_APPICON_NAME = AppIcon;
				ASSETCATALOG_COMPILER_GLOBAL_ACCENT_COLOR_NAME = AccentColor;
				CODE_SIGN_STYLE = Automatic;
				CURRENT_PROJECT_VERSION = 1;
				DEVELOPMENT_ASSET_PATHS = "\"WeOut/Preview Content\"";
				DEVELOPMENT_TEAM = HW7URT66C4;
				ENABLE_PREVIEWS = YES;
				GENERATE_INFOPLIST_FILE = YES;
				INFOPLIST_KEY_UIApplicationSceneManifest_Generation = YES;
				INFOPLIST_KEY_UIApplicationSupportsIndirectInputEvents = YES;
				INFOPLIST_KEY_UILaunchScreen_Generation = YES;
				INFOPLIST_KEY_UISupportedInterfaceOrientations_iPad = "UIInterfaceOrientationPortrait UIInterfaceOrientationPortraitUpsideDown UIInterfaceOrientationLandscapeLeft UIInterfaceOrientationLandscapeRight";
				INFOPLIST_KEY_UISupportedInterfaceOrientations_iPhone = "UIInterfaceOrientationPortrait UIInterfaceOrientationLandscapeLeft UIInterfaceOrientationLandscapeRight";
				LD_RUNPATH_SEARCH_PATHS = (
					"$(inherited)",
					"@executable_path/Frameworks",
				);
				MARKETING_VERSION = 1.0;
				PRODUCT_BUNDLE_IDENTIFIER = jloving.info.WeOut;
				PRODUCT_NAME = "$(TARGET_NAME)";
				SWIFT_EMIT_LOC_STRINGS = YES;
				SWIFT_VERSION = 5.0;
				TARGETED_DEVICE_FAMILY = "1,2";
			};
			name = Debug;
		};
		ED96F8E62B62B57C0062245E /* Release */ = {
			isa = XCBuildConfiguration;
			buildSettings = {
				ASSETCATALOG_COMPILER_APPICON_NAME = AppIcon;
				ASSETCATALOG_COMPILER_GLOBAL_ACCENT_COLOR_NAME = AccentColor;
				CODE_SIGN_STYLE = Automatic;
				CURRENT_PROJECT_VERSION = 1;
				DEVELOPMENT_ASSET_PATHS = "\"WeOut/Preview Content\"";
				DEVELOPMENT_TEAM = HW7URT66C4;
				ENABLE_PREVIEWS = YES;
				GENERATE_INFOPLIST_FILE = YES;
				INFOPLIST_KEY_UIApplicationSceneManifest_Generation = YES;
				INFOPLIST_KEY_UIApplicationSupportsIndirectInputEvents = YES;
				INFOPLIST_KEY_UILaunchScreen_Generation = YES;
				INFOPLIST_KEY_UISupportedInterfaceOrientations_iPad = "UIInterfaceOrientationPortrait UIInterfaceOrientationPortraitUpsideDown UIInterfaceOrientationLandscapeLeft UIInterfaceOrientationLandscapeRight";
				INFOPLIST_KEY_UISupportedInterfaceOrientations_iPhone = "UIInterfaceOrientationPortrait UIInterfaceOrientationLandscapeLeft UIInterfaceOrientationLandscapeRight";
				LD_RUNPATH_SEARCH_PATHS = (
					"$(inherited)",
					"@executable_path/Frameworks",
				);
				MARKETING_VERSION = 1.0;
				PRODUCT_BUNDLE_IDENTIFIER = jloving.info.WeOut;
				PRODUCT_NAME = "$(TARGET_NAME)";
				SWIFT_EMIT_LOC_STRINGS = YES;
				SWIFT_VERSION = 5.0;
				TARGETED_DEVICE_FAMILY = "1,2";
			};
			name = Release;
		};
/* End XCBuildConfiguration section */

/* Begin XCConfigurationList section */
		ED96F8D12B62B57A0062245E /* Build configuration list for PBXProject "WeOut" */ = {
			isa = XCConfigurationList;
			buildConfigurations = (
				ED96F8E22B62B57C0062245E /* Debug */,
				ED96F8E32B62B57C0062245E /* Release */,
			);
			defaultConfigurationIsVisible = 0;
			defaultConfigurationName = Release;
		};
		ED96F8E42B62B57C0062245E /* Build configuration list for PBXNativeTarget "WeOut" */ = {
			isa = XCConfigurationList;
			buildConfigurations = (
				ED96F8E52B62B57C0062245E /* Debug */,
				ED96F8E62B62B57C0062245E /* Release */,
			);
			defaultConfigurationIsVisible = 0;
			defaultConfigurationName = Release;
		};
/* End XCConfigurationList section */
	};
	rootObject = ED96F8CE2B62B57A0062245E /* Project object */;
}
