// !$*UTF8*$!
{
	archiveVersion = 1;
	classes = {
	};
	objectVersion = 56;
	objects = {

/* Begin PBXBuildFile section */
		5E3847EE2C0C2507007E5224 /* PlansViewModel.swift in Sources */ = {isa = PBXBuildFile; fileRef = 5E3847ED2C0C2507007E5224 /* PlansViewModel.swift */; };
		5E3ABB412C076D0100229E64 /* Photo.swift in Sources */ = {isa = PBXBuildFile; fileRef = 5E3ABB402C076D0100229E64 /* Photo.swift */; };
		5E3ABB432C076E5D00229E64 /* FirebaseStorage in Frameworks */ = {isa = PBXBuildFile; productRef = 5E3ABB422C076E5D00229E64 /* FirebaseStorage */; };
		5E3ABB452C08C26F00229E64 /* DisplayPhoto.swift in Sources */ = {isa = PBXBuildFile; fileRef = 5E3ABB442C08C26F00229E64 /* DisplayPhoto.swift */; };
		5E3ABB472C08F74E00229E64 /* CustomPhotoPicker.swift in Sources */ = {isa = PBXBuildFile; fileRef = 5E3ABB462C08F74E00229E64 /* CustomPhotoPicker.swift */; };
		5E6B77732C0A05BA004CD5BC /* DatePicker.swift in Sources */ = {isa = PBXBuildFile; fileRef = 5E6B77722C0A05BA004CD5BC /* DatePicker.swift */; };
		ED0E1E1D2BFCF66E0022D6E7 /* AuthManager.swift in Sources */ = {isa = PBXBuildFile; fileRef = ED0E1E1C2BFCF66E0022D6E7 /* AuthManager.swift */; };
		ED0E1E1F2BFCF6BC0022D6E7 /* GoogleSignIn in Frameworks */ = {isa = PBXBuildFile; productRef = ED0E1E1E2BFCF6BC0022D6E7 /* GoogleSignIn */; };
		ED0E1E212BFCF6BC0022D6E7 /* GoogleSignInSwift in Frameworks */ = {isa = PBXBuildFile; productRef = ED0E1E202BFCF6BC0022D6E7 /* GoogleSignInSwift */; };
		ED0E1E272BFD5A450022D6E7 /* LoginView.swift in Sources */ = {isa = PBXBuildFile; fileRef = ED0E1E262BFD5A450022D6E7 /* LoginView.swift */; };
		ED0E1E292BFD5D500022D6E7 /* FirebaseAuth in Frameworks */ = {isa = PBXBuildFile; productRef = ED0E1E282BFD5D500022D6E7 /* FirebaseAuth */; };
		ED0E1E312BFE22120022D6E7 /* AppleSignInManager.swift in Sources */ = {isa = PBXBuildFile; fileRef = ED0E1E302BFE22120022D6E7 /* AppleSignInManager.swift */; };
		ED0E1E332BFE277D0022D6E7 /* GoogleService-Info.plist in Resources */ = {isa = PBXBuildFile; fileRef = ED0E1E322BFE277D0022D6E7 /* GoogleService-Info.plist */; };
		ED0E1E372BFE49D60022D6E7 /* FirebaseAppCheck in Frameworks */ = {isa = PBXBuildFile; productRef = ED0E1E362BFE49D60022D6E7 /* FirebaseAppCheck */; };
		ED0E1E392C00E6A70022D6E7 /* DBUser.swift in Sources */ = {isa = PBXBuildFile; fileRef = ED0E1E382C00E6A70022D6E7 /* DBUser.swift */; };
		ED0E1E3B2C00ECBD0022D6E7 /* ProfileViewModel.swift in Sources */ = {isa = PBXBuildFile; fileRef = ED0E1E3A2C00ECBD0022D6E7 /* ProfileViewModel.swift */; };
		ED0E1E3F2C0A0B9E0022D6E7 /* NewPrimaryweOUT.swift in Sources */ = {isa = PBXBuildFile; fileRef = ED0E1E3E2C0A0B9E0022D6E7 /* NewPrimaryweOUT.swift */; };
		ED16C6E32BF3B78E008E3BEA /* FirebaseFirestore in Frameworks */ = {isa = PBXBuildFile; productRef = ED16C6E22BF3B78E008E3BEA /* FirebaseFirestore */; };
		ED16C6E52BF3B79F008E3BEA /* FirebaseFirestoreSwift in Frameworks */ = {isa = PBXBuildFile; productRef = ED16C6E42BF3B79F008E3BEA /* FirebaseFirestoreSwift */; };
		ED189C832B70232E0047CF89 /* TripsInputSheet.swift in Sources */ = {isa = PBXBuildFile; fileRef = ED189C822B70232E0047CF89 /* TripsInputSheet.swift */; };
		ED59FF932B7A6E470094F35A /* EditTripsInputSheet.swift in Sources */ = {isa = PBXBuildFile; fileRef = ED59FF922B7A6E470094F35A /* EditTripsInputSheet.swift */; };
		ED6178A12B7298A1003D6C73 /* DatePickerTool.swift in Sources */ = {isa = PBXBuildFile; fileRef = ED6178A02B7298A1003D6C73 /* DatePickerTool.swift */; };
		ED96F8DA2B62B57A0062245E /* WeOutApp.swift in Sources */ = {isa = PBXBuildFile; fileRef = ED96F8D92B62B57A0062245E /* WeOutApp.swift */; };
		ED96F8DC2B62B57A0062245E /* ContentView.swift in Sources */ = {isa = PBXBuildFile; fileRef = ED96F8DB2B62B57A0062245E /* ContentView.swift */; };
		ED96F8DE2B62B57C0062245E /* Assets.xcassets in Resources */ = {isa = PBXBuildFile; fileRef = ED96F8DD2B62B57C0062245E /* Assets.xcassets */; };
		ED96F8E12B62B57C0062245E /* Preview Assets.xcassets in Resources */ = {isa = PBXBuildFile; fileRef = ED96F8E02B62B57C0062245E /* Preview Assets.xcassets */; };
		ED96F8EC2B63E6D60062245E /* ItineraryView.swift in Sources */ = {isa = PBXBuildFile; fileRef = ED96F8EB2B63E6D60062245E /* ItineraryView.swift */; };
		ED96F8EE2B63F0680062245E /* ItineraryModel.swift in Sources */ = {isa = PBXBuildFile; fileRef = ED96F8ED2B63F0680062245E /* ItineraryModel.swift */; };
		ED96F8F32B6488870062245E /* DashboardView.swift in Sources */ = {isa = PBXBuildFile; fileRef = ED96F8F22B6488870062245E /* DashboardView.swift */; };
		ED96F8F52B6488D10062245E /* TripsView.swift in Sources */ = {isa = PBXBuildFile; fileRef = ED96F8F42B6488D10062245E /* TripsView.swift */; };
		ED96F8FC2B692A700062245E /* ItineraryInputSheet.swift in Sources */ = {isa = PBXBuildFile; fileRef = ED96F8FB2B692A700062245E /* ItineraryInputSheet.swift */; };
		ED9F3A7B2BE3D24B00D6A7E8 /* NewItineraryView.swift in Sources */ = {isa = PBXBuildFile; fileRef = ED9F3A7A2BE3D24B00D6A7E8 /* NewItineraryView.swift */; };
		EDA19FCC2B6947AE002C84E5 /* ImagePickerTool.swift in Sources */ = {isa = PBXBuildFile; fileRef = EDA19FCB2B6947AE002C84E5 /* ImagePickerTool.swift */; };
		EDA19FCE2B6AA0D2002C84E5 /* TripModel.swift in Sources */ = {isa = PBXBuildFile; fileRef = EDA19FCD2B6AA0D2002C84E5 /* TripModel.swift */; };
		EDA19FD02B6AA0E6002C84E5 /* ParticipantModel.swift in Sources */ = {isa = PBXBuildFile; fileRef = EDA19FCF2B6AA0E6002C84E5 /* ParticipantModel.swift */; };
		EDA19FD22B6D2804002C84E5 /* Tools.swift in Sources */ = {isa = PBXBuildFile; fileRef = EDA19FD12B6D2804002C84E5 /* Tools.swift */; };
		EDA19FD42B6D32A6002C84E5 /* EditItineraryInputSheet.swift in Sources */ = {isa = PBXBuildFile; fileRef = EDA19FD32B6D32A6002C84E5 /* EditItineraryInputSheet.swift */; };
/* End PBXBuildFile section */

/* Begin PBXFileReference section */
		5E3847ED2C0C2507007E5224 /* PlansViewModel.swift */ = {isa = PBXFileReference; lastKnownFileType = sourcecode.swift; path = PlansViewModel.swift; sourceTree = "<group>"; };
		5E3ABB402C076D0100229E64 /* Photo.swift */ = {isa = PBXFileReference; lastKnownFileType = sourcecode.swift; path = Photo.swift; sourceTree = "<group>"; };
		5E3ABB442C08C26F00229E64 /* DisplayPhoto.swift */ = {isa = PBXFileReference; lastKnownFileType = sourcecode.swift; path = DisplayPhoto.swift; sourceTree = "<group>"; };
		5E3ABB462C08F74E00229E64 /* CustomPhotoPicker.swift */ = {isa = PBXFileReference; lastKnownFileType = sourcecode.swift; path = CustomPhotoPicker.swift; sourceTree = "<group>"; };
		5E6B77722C0A05BA004CD5BC /* DatePicker.swift */ = {isa = PBXFileReference; lastKnownFileType = sourcecode.swift; path = DatePicker.swift; sourceTree = "<group>"; };
		ED0E1E1A2BFCEF280022D6E7 /* WeOut.entitlements */ = {isa = PBXFileReference; lastKnownFileType = text.plist.entitlements; path = WeOut.entitlements; sourceTree = "<group>"; };
		ED0E1E1C2BFCF66E0022D6E7 /* AuthManager.swift */ = {isa = PBXFileReference; lastKnownFileType = sourcecode.swift; path = AuthManager.swift; sourceTree = "<group>"; };
		ED0E1E262BFD5A450022D6E7 /* LoginView.swift */ = {isa = PBXFileReference; lastKnownFileType = sourcecode.swift; path = LoginView.swift; sourceTree = "<group>"; };
		ED0E1E302BFE22120022D6E7 /* AppleSignInManager.swift */ = {isa = PBXFileReference; lastKnownFileType = sourcecode.swift; path = AppleSignInManager.swift; sourceTree = "<group>"; };
		ED0E1E322BFE277D0022D6E7 /* GoogleService-Info.plist */ = {isa = PBXFileReference; fileEncoding = 4; lastKnownFileType = text.plist.xml; path = "GoogleService-Info.plist"; sourceTree = "<group>"; };
		ED0E1E382C00E6A70022D6E7 /* DBUser.swift */ = {isa = PBXFileReference; lastKnownFileType = sourcecode.swift; path = DBUser.swift; sourceTree = "<group>"; };
		ED0E1E3A2C00ECBD0022D6E7 /* ProfileViewModel.swift */ = {isa = PBXFileReference; lastKnownFileType = sourcecode.swift; path = ProfileViewModel.swift; sourceTree = "<group>"; };
		ED0E1E3E2C0A0B9E0022D6E7 /* NewPrimaryweOUT.swift */ = {isa = PBXFileReference; lastKnownFileType = sourcecode.swift; path = NewPrimaryweOUT.swift; sourceTree = "<group>"; };
		ED189C822B70232E0047CF89 /* TripsInputSheet.swift */ = {isa = PBXFileReference; lastKnownFileType = sourcecode.swift; path = TripsInputSheet.swift; sourceTree = "<group>"; };
		ED59FF922B7A6E470094F35A /* EditTripsInputSheet.swift */ = {isa = PBXFileReference; lastKnownFileType = sourcecode.swift; path = EditTripsInputSheet.swift; sourceTree = "<group>"; };
		ED6178A02B7298A1003D6C73 /* DatePickerTool.swift */ = {isa = PBXFileReference; lastKnownFileType = sourcecode.swift; path = DatePickerTool.swift; sourceTree = "<group>"; };
		ED96F8D62B62B57A0062245E /* WeOut.app */ = {isa = PBXFileReference; explicitFileType = wrapper.application; includeInIndex = 0; path = WeOut.app; sourceTree = BUILT_PRODUCTS_DIR; };
		ED96F8D92B62B57A0062245E /* WeOutApp.swift */ = {isa = PBXFileReference; lastKnownFileType = sourcecode.swift; path = WeOutApp.swift; sourceTree = "<group>"; };
		ED96F8DB2B62B57A0062245E /* ContentView.swift */ = {isa = PBXFileReference; lastKnownFileType = sourcecode.swift; path = ContentView.swift; sourceTree = "<group>"; };
		ED96F8DD2B62B57C0062245E /* Assets.xcassets */ = {isa = PBXFileReference; lastKnownFileType = folder.assetcatalog; path = Assets.xcassets; sourceTree = "<group>"; };
		ED96F8E02B62B57C0062245E /* Preview Assets.xcassets */ = {isa = PBXFileReference; lastKnownFileType = folder.assetcatalog; path = "Preview Assets.xcassets"; sourceTree = "<group>"; };
		ED96F8EB2B63E6D60062245E /* ItineraryView.swift */ = {isa = PBXFileReference; lastKnownFileType = sourcecode.swift; path = ItineraryView.swift; sourceTree = "<group>"; };
		ED96F8ED2B63F0680062245E /* ItineraryModel.swift */ = {isa = PBXFileReference; lastKnownFileType = sourcecode.swift; path = ItineraryModel.swift; sourceTree = "<group>"; };
		ED96F8F22B6488870062245E /* DashboardView.swift */ = {isa = PBXFileReference; lastKnownFileType = sourcecode.swift; path = DashboardView.swift; sourceTree = "<group>"; };
		ED96F8F42B6488D10062245E /* TripsView.swift */ = {isa = PBXFileReference; lastKnownFileType = sourcecode.swift; path = TripsView.swift; sourceTree = "<group>"; };
		ED96F8FB2B692A700062245E /* ItineraryInputSheet.swift */ = {isa = PBXFileReference; lastKnownFileType = sourcecode.swift; path = ItineraryInputSheet.swift; sourceTree = "<group>"; };
		ED9F3A7A2BE3D24B00D6A7E8 /* NewItineraryView.swift */ = {isa = PBXFileReference; lastKnownFileType = sourcecode.swift; path = NewItineraryView.swift; sourceTree = "<group>"; };
		EDA19FCB2B6947AE002C84E5 /* ImagePickerTool.swift */ = {isa = PBXFileReference; lastKnownFileType = sourcecode.swift; path = ImagePickerTool.swift; sourceTree = "<group>"; };
		EDA19FCD2B6AA0D2002C84E5 /* TripModel.swift */ = {isa = PBXFileReference; lastKnownFileType = sourcecode.swift; path = TripModel.swift; sourceTree = "<group>"; };
		EDA19FCF2B6AA0E6002C84E5 /* ParticipantModel.swift */ = {isa = PBXFileReference; lastKnownFileType = sourcecode.swift; path = ParticipantModel.swift; sourceTree = "<group>"; };
		EDA19FD12B6D2804002C84E5 /* Tools.swift */ = {isa = PBXFileReference; lastKnownFileType = sourcecode.swift; name = Tools.swift; path = ../../Tools.swift; sourceTree = "<group>"; };
		EDA19FD32B6D32A6002C84E5 /* EditItineraryInputSheet.swift */ = {isa = PBXFileReference; lastKnownFileType = sourcecode.swift; path = EditItineraryInputSheet.swift; sourceTree = "<group>"; };
/* End PBXFileReference section */

/* Begin PBXFrameworksBuildPhase section */
		ED96F8D32B62B57A0062245E /* Frameworks */ = {
			isa = PBXFrameworksBuildPhase;
			buildActionMask = 2147483647;
			files = (
				ED0E1E372BFE49D60022D6E7 /* FirebaseAppCheck in Frameworks */,
				5E3ABB432C076E5D00229E64 /* FirebaseStorage in Frameworks */,
				ED0E1E212BFCF6BC0022D6E7 /* GoogleSignInSwift in Frameworks */,
				ED16C6E52BF3B79F008E3BEA /* FirebaseFirestoreSwift in Frameworks */,
				ED16C6E32BF3B78E008E3BEA /* FirebaseFirestore in Frameworks */,
				ED0E1E292BFD5D500022D6E7 /* FirebaseAuth in Frameworks */,
				ED0E1E1F2BFCF6BC0022D6E7 /* GoogleSignIn in Frameworks */,
			);
			runOnlyForDeploymentPostprocessing = 0;
		};
/* End PBXFrameworksBuildPhase section */

/* Begin PBXGroup section */
		ED0E1E1B2BFCEF7F0022D6E7 /* UserAuthentication */ = {
			isa = PBXGroup;
			children = (
				ED0E1E382C00E6A70022D6E7 /* DBUser.swift */,
				ED0E1E1C2BFCF66E0022D6E7 /* AuthManager.swift */,
				ED0E1E302BFE22120022D6E7 /* AppleSignInManager.swift */,
			);
			path = UserAuthentication;
			sourceTree = "<group>";
		};
		ED16C6E12BF3B78E008E3BEA /* Frameworks */ = {
			isa = PBXGroup;
			children = (
			);
			name = Frameworks;
			sourceTree = "<group>";
		};
		ED96F8CD2B62B57A0062245E = {
			isa = PBXGroup;
			children = (
				ED0E1E3E2C0A0B9E0022D6E7 /* NewPrimaryweOUT.swift */,
				ED96F8D82B62B57A0062245E /* WeOut */,
				ED96F8D72B62B57A0062245E /* Products */,
				ED16C6E12BF3B78E008E3BEA /* Frameworks */,
			);
			sourceTree = "<group>";
		};
		ED96F8D72B62B57A0062245E /* Products */ = {
			isa = PBXGroup;
			children = (
				ED96F8D62B62B57A0062245E /* WeOut.app */,
			);
			name = Products;
			sourceTree = "<group>";
		};
		ED96F8D82B62B57A0062245E /* WeOut */ = {
			isa = PBXGroup;
			children = (
				ED0E1E1A2BFCEF280022D6E7 /* WeOut.entitlements */,
				ED96F8D92B62B57A0062245E /* WeOutApp.swift */,
				ED96F8DB2B62B57A0062245E /* ContentView.swift */,
				EDA19FCA2B694783002C84E5 /* AppTools */,
				ED0E1E1B2BFCEF7F0022D6E7 /* UserAuthentication */,
				EDA19FC92B692AE7002C84E5 /* Sheet */,
				ED96F8F82B64A0E10062245E /* Views */,
				EDFE51E42C0CB34F00F213CA /* ViewModel */,
				ED96F8FA2B64A1480062245E /* DataModels */,
				ED96F8DD2B62B57C0062245E /* Assets.xcassets */,
				ED0E1E322BFE277D0022D6E7 /* GoogleService-Info.plist */,
				ED96F8DF2B62B57C0062245E /* Preview Content */,
			);
			path = WeOut;
			sourceTree = "<group>";
		};
		ED96F8DF2B62B57C0062245E /* Preview Content */ = {
			isa = PBXGroup;
			children = (
				ED96F8E02B62B57C0062245E /* Preview Assets.xcassets */,
			);
			path = "Preview Content";
			sourceTree = "<group>";
		};
		ED96F8F82B64A0E10062245E /* Views */ = {
			isa = PBXGroup;
			children = (
				ED0E1E262BFD5A450022D6E7 /* LoginView.swift */,
				ED96F8F22B6488870062245E /* DashboardView.swift */,
				ED96F8F42B6488D10062245E /* TripsView.swift */,
				ED96F8EB2B63E6D60062245E /* ItineraryView.swift */,
				ED9F3A7A2BE3D24B00D6A7E8 /* NewItineraryView.swift */,
			);
			path = Views;
			sourceTree = "<group>";
		};
		ED96F8FA2B64A1480062245E /* DataModels */ = {
			isa = PBXGroup;
			children = (
				ED96F8ED2B63F0680062245E /* ItineraryModel.swift */,
				EDA19FCD2B6AA0D2002C84E5 /* TripModel.swift */,
				EDA19FCF2B6AA0E6002C84E5 /* ParticipantModel.swift */,
			);
			path = DataModels;
			sourceTree = "<group>";
		};
		EDA19FC92B692AE7002C84E5 /* Sheet */ = {
			isa = PBXGroup;
			children = (
				ED59FF922B7A6E470094F35A /* EditTripsInputSheet.swift */,
				EDA19FD32B6D32A6002C84E5 /* EditItineraryInputSheet.swift */,
				ED96F8FB2B692A700062245E /* ItineraryInputSheet.swift */,
				ED189C822B70232E0047CF89 /* TripsInputSheet.swift */,
				5E3ABB462C08F74E00229E64 /* CustomPhotoPicker.swift */,
			);
			path = Sheet;
			sourceTree = "<group>";
		};
		EDA19FCA2B694783002C84E5 /* AppTools */ = {
			isa = PBXGroup;
			children = (
				EDA19FD12B6D2804002C84E5 /* Tools.swift */,
				EDA19FCB2B6947AE002C84E5 /* ImagePickerTool.swift */,
				ED6178A02B7298A1003D6C73 /* DatePickerTool.swift */,
				5E6B77722C0A05BA004CD5BC /* DatePicker.swift */,
				5E3ABB442C08C26F00229E64 /* DisplayPhoto.swift */,
				5E3ABB402C076D0100229E64 /* Photo.swift */,
			);
			path = AppTools;
			sourceTree = "<group>";
		};
		EDFE51E42C0CB34F00F213CA /* ViewModel */ = {
			isa = PBXGroup;
			children = (
				ED0E1E3A2C00ECBD0022D6E7 /* ProfileViewModel.swift */,
				5E3847ED2C0C2507007E5224 /* PlansViewModel.swift */,
			);
			name = ViewModel;
			path = ..;
			sourceTree = "<group>";
		};
/* End PBXGroup section */

/* Begin PBXNativeTarget section */
		ED96F8D52B62B57A0062245E /* WeOut */ = {
			isa = PBXNativeTarget;
			buildConfigurationList = ED96F8E42B62B57C0062245E /* Build configuration list for PBXNativeTarget "WeOut" */;
			buildPhases = (
				ED96F8D22B62B57A0062245E /* Sources */,
				ED96F8D32B62B57A0062245E /* Frameworks */,
				ED96F8D42B62B57A0062245E /* Resources */,
			);
			buildRules = (
			);
			dependencies = (
			);
			name = WeOut;
			packageProductDependencies = (
				ED16C6E22BF3B78E008E3BEA /* FirebaseFirestore */,
				ED16C6E42BF3B79F008E3BEA /* FirebaseFirestoreSwift */,
				ED0E1E1E2BFCF6BC0022D6E7 /* GoogleSignIn */,
				ED0E1E202BFCF6BC0022D6E7 /* GoogleSignInSwift */,
				ED0E1E282BFD5D500022D6E7 /* FirebaseAuth */,
				ED0E1E362BFE49D60022D6E7 /* FirebaseAppCheck */,
				5E3ABB422C076E5D00229E64 /* FirebaseStorage */,
			);
			productName = WeOut;
			productReference = ED96F8D62B62B57A0062245E /* WeOut.app */;
			productType = "com.apple.product-type.application";
		};
/* End PBXNativeTarget section */

/* Begin PBXProject section */
		ED96F8CE2B62B57A0062245E /* Project object */ = {
			isa = PBXProject;
			attributes = {
				BuildIndependentTargetsInParallel = 1;
				LastSwiftUpdateCheck = 1520;
				LastUpgradeCheck = 1520;
				TargetAttributes = {
					ED96F8D52B62B57A0062245E = {
						CreatedOnToolsVersion = 15.2;
					};
				};
			};
			buildConfigurationList = ED96F8D12B62B57A0062245E /* Build configuration list for PBXProject "WeOut" */;
			compatibilityVersion = "Xcode 14.0";
			developmentRegion = en;
			hasScannedForEncodings = 0;
			knownRegions = (
				en,
				Base,
			);
			mainGroup = ED96F8CD2B62B57A0062245E;
			packageReferences = (
				ED1EDE992BF269BE00026C25 /* XCRemoteSwiftPackageReference "firebase-ios-sdk" */,
				ED16C6E82BF4F7A5008E3BEA /* XCRemoteSwiftPackageReference "GoogleSignIn-iOS" */,
			);
			productRefGroup = ED96F8D72B62B57A0062245E /* Products */;
			projectDirPath = "";
			projectRoot = "";
			targets = (
				ED96F8D52B62B57A0062245E /* WeOut */,
			);
		};
/* End PBXProject section */

/* Begin PBXResourcesBuildPhase section */
		ED96F8D42B62B57A0062245E /* Resources */ = {
			isa = PBXResourcesBuildPhase;
			buildActionMask = 2147483647;
			files = (
				ED96F8E12B62B57C0062245E /* Preview Assets.xcassets in Resources */,
				ED96F8DE2B62B57C0062245E /* Assets.xcassets in Resources */,
				ED0E1E332BFE277D0022D6E7 /* GoogleService-Info.plist in Resources */,
			);
			runOnlyForDeploymentPostprocessing = 0;
		};
/* End PBXResourcesBuildPhase section */

/* Begin PBXSourcesBuildPhase section */
		ED96F8D22B62B57A0062245E /* Sources */ = {
			isa = PBXSourcesBuildPhase;
			buildActionMask = 2147483647;
			files = (
				5E3ABB412C076D0100229E64 /* Photo.swift in Sources */,
				EDA19FCC2B6947AE002C84E5 /* ImagePickerTool.swift in Sources */,
				5E3ABB472C08F74E00229E64 /* CustomPhotoPicker.swift in Sources */,
				EDA19FCE2B6AA0D2002C84E5 /* TripModel.swift in Sources */,
				ED9F3A7B2BE3D24B00D6A7E8 /* NewItineraryView.swift in Sources */,
				ED96F8F32B6488870062245E /* DashboardView.swift in Sources */,
				ED0E1E3F2C0A0B9E0022D6E7 /* NewPrimaryweOUT.swift in Sources */,
				ED96F8FC2B692A700062245E /* ItineraryInputSheet.swift in Sources */,
				ED96F8DC2B62B57A0062245E /* ContentView.swift in Sources */,
				5E3ABB452C08C26F00229E64 /* DisplayPhoto.swift in Sources */,
				ED189C832B70232E0047CF89 /* TripsInputSheet.swift in Sources */,
				ED96F8EE2B63F0680062245E /* ItineraryModel.swift in Sources */,
				ED6178A12B7298A1003D6C73 /* DatePickerTool.swift in Sources */,
				ED96F8EC2B63E6D60062245E /* ItineraryView.swift in Sources */,
				5E3847EE2C0C2507007E5224 /* PlansViewModel.swift in Sources */,
				EDA19FD02B6AA0E6002C84E5 /* ParticipantModel.swift in Sources */,
				EDA19FD22B6D2804002C84E5 /* Tools.swift in Sources */,
				5E6B77732C0A05BA004CD5BC /* DatePicker.swift in Sources */,
				ED0E1E312BFE22120022D6E7 /* AppleSignInManager.swift in Sources */,
				ED0E1E3B2C00ECBD0022D6E7 /* ProfileViewModel.swift in Sources */,
				ED0E1E1D2BFCF66E0022D6E7 /* AuthManager.swift in Sources */,
				ED0E1E392C00E6A70022D6E7 /* DBUser.swift in Sources */,
				EDA19FD42B6D32A6002C84E5 /* EditItineraryInputSheet.swift in Sources */,
				ED59FF932B7A6E470094F35A /* EditTripsInputSheet.swift in Sources */,
				ED96F8DA2B62B57A0062245E /* WeOutApp.swift in Sources */,
				ED0E1E272BFD5A450022D6E7 /* LoginView.swift in Sources */,
				ED96F8F52B6488D10062245E /* TripsView.swift in Sources */,
			);
			runOnlyForDeploymentPostprocessing = 0;
		};
/* End PBXSourcesBuildPhase section */

/* Begin XCBuildConfiguration section */
		ED96F8E22B62B57C0062245E /* Debug */ = {
			isa = XCBuildConfiguration;
			buildSettings = {
				ALWAYS_SEARCH_USER_PATHS = NO;
				ASSETCATALOG_COMPILER_GENERATE_SWIFT_ASSET_SYMBOL_EXTENSIONS = YES;
				CLANG_ANALYZER_NONNULL = YES;
				CLANG_ANALYZER_NUMBER_OBJECT_CONVERSION = YES_AGGRESSIVE;
				CLANG_CXX_LANGUAGE_STANDARD = "gnu++20";
				CLANG_ENABLE_MODULES = YES;
				CLANG_ENABLE_OBJC_ARC = YES;
				CLANG_ENABLE_OBJC_WEAK = YES;
				CLANG_WARN_BLOCK_CAPTURE_AUTORELEASING = YES;
				CLANG_WARN_BOOL_CONVERSION = YES;
				CLANG_WARN_COMMA = YES;
				CLANG_WARN_CONSTANT_CONVERSION = YES;
				CLANG_WARN_DEPRECATED_OBJC_IMPLEMENTATIONS = YES;
				CLANG_WARN_DIRECT_OBJC_ISA_USAGE = YES_ERROR;
				CLANG_WARN_DOCUMENTATION_COMMENTS = YES;
				CLANG_WARN_EMPTY_BODY = YES;
				CLANG_WARN_ENUM_CONVERSION = YES;
				CLANG_WARN_INFINITE_RECURSION = YES;
				CLANG_WARN_INT_CONVERSION = YES;
				CLANG_WARN_NON_LITERAL_NULL_CONVERSION = YES;
				CLANG_WARN_OBJC_IMPLICIT_RETAIN_SELF = YES;
				CLANG_WARN_OBJC_LITERAL_CONVERSION = YES;
				CLANG_WARN_OBJC_ROOT_CLASS = YES_ERROR;
				CLANG_WARN_QUOTED_INCLUDE_IN_FRAMEWORK_HEADER = YES;
				CLANG_WARN_RANGE_LOOP_ANALYSIS = YES;
				CLANG_WARN_STRICT_PROTOTYPES = YES;
				CLANG_WARN_SUSPICIOUS_MOVE = YES;
				CLANG_WARN_UNGUARDED_AVAILABILITY = YES_AGGRESSIVE;
				CLANG_WARN_UNREACHABLE_CODE = YES;
				CLANG_WARN__DUPLICATE_METHOD_MATCH = YES;
				COPY_PHASE_STRIP = NO;
				DEBUG_INFORMATION_FORMAT = dwarf;
				ENABLE_STRICT_OBJC_MSGSEND = YES;
				ENABLE_TESTABILITY = YES;
				ENABLE_USER_SCRIPT_SANDBOXING = YES;
				GCC_C_LANGUAGE_STANDARD = gnu17;
				GCC_DYNAMIC_NO_PIC = NO;
				GCC_NO_COMMON_BLOCKS = YES;
				GCC_OPTIMIZATION_LEVEL = 0;
				GCC_PREPROCESSOR_DEFINITIONS = (
					"DEBUG=1",
					"$(inherited)",
				);
				GCC_WARN_64_TO_32_BIT_CONVERSION = YES;
				GCC_WARN_ABOUT_RETURN_TYPE = YES_ERROR;
				GCC_WARN_UNDECLARED_SELECTOR = YES;
				GCC_WARN_UNINITIALIZED_AUTOS = YES_AGGRESSIVE;
				GCC_WARN_UNUSED_FUNCTION = YES;
				GCC_WARN_UNUSED_VARIABLE = YES;
				IPHONEOS_DEPLOYMENT_TARGET = 17.2;
				LOCALIZATION_PREFERS_STRING_CATALOGS = YES;
				MTL_ENABLE_DEBUG_INFO = INCLUDE_SOURCE;
				MTL_FAST_MATH = YES;
				ONLY_ACTIVE_ARCH = YES;
				SDKROOT = iphoneos;
				SWIFT_ACTIVE_COMPILATION_CONDITIONS = "DEBUG $(inherited)";
				SWIFT_OPTIMIZATION_LEVEL = "-Onone";
			};
			name = Debug;
		};
		ED96F8E32B62B57C0062245E /* Release */ = {
			isa = XCBuildConfiguration;
			buildSettings = {
				ALWAYS_SEARCH_USER_PATHS = NO;
				ASSETCATALOG_COMPILER_GENERATE_SWIFT_ASSET_SYMBOL_EXTENSIONS = YES;
				CLANG_ANALYZER_NONNULL = YES;
				CLANG_ANALYZER_NUMBER_OBJECT_CONVERSION = YES_AGGRESSIVE;
				CLANG_CXX_LANGUAGE_STANDARD = "gnu++20";
				CLANG_ENABLE_MODULES = YES;
				CLANG_ENABLE_OBJC_ARC = YES;
				CLANG_ENABLE_OBJC_WEAK = YES;
				CLANG_WARN_BLOCK_CAPTURE_AUTORELEASING = YES;
				CLANG_WARN_BOOL_CONVERSION = YES;
				CLANG_WARN_COMMA = YES;
				CLANG_WARN_CONSTANT_CONVERSION = YES;
				CLANG_WARN_DEPRECATED_OBJC_IMPLEMENTATIONS = YES;
				CLANG_WARN_DIRECT_OBJC_ISA_USAGE = YES_ERROR;
				CLANG_WARN_DOCUMENTATION_COMMENTS = YES;
				CLANG_WARN_EMPTY_BODY = YES;
				CLANG_WARN_ENUM_CONVERSION = YES;
				CLANG_WARN_INFINITE_RECURSION = YES;
				CLANG_WARN_INT_CONVERSION = YES;
				CLANG_WARN_NON_LITERAL_NULL_CONVERSION = YES;
				CLANG_WARN_OBJC_IMPLICIT_RETAIN_SELF = YES;
				CLANG_WARN_OBJC_LITERAL_CONVERSION = YES;
				CLANG_WARN_OBJC_ROOT_CLASS = YES_ERROR;
				CLANG_WARN_QUOTED_INCLUDE_IN_FRAMEWORK_HEADER = YES;
				CLANG_WARN_RANGE_LOOP_ANALYSIS = YES;
				CLANG_WARN_STRICT_PROTOTYPES = YES;
				CLANG_WARN_SUSPICIOUS_MOVE = YES;
				CLANG_WARN_UNGUARDED_AVAILABILITY = YES_AGGRESSIVE;
				CLANG_WARN_UNREACHABLE_CODE = YES;
				CLANG_WARN__DUPLICATE_METHOD_MATCH = YES;
				COPY_PHASE_STRIP = NO;
				DEBUG_INFORMATION_FORMAT = "dwarf-with-dsym";
				ENABLE_NS_ASSERTIONS = NO;
				ENABLE_STRICT_OBJC_MSGSEND = YES;
				ENABLE_USER_SCRIPT_SANDBOXING = YES;
				GCC_C_LANGUAGE_STANDARD = gnu17;
				GCC_NO_COMMON_BLOCKS = YES;
				GCC_WARN_64_TO_32_BIT_CONVERSION = YES;
				GCC_WARN_ABOUT_RETURN_TYPE = YES_ERROR;
				GCC_WARN_UNDECLARED_SELECTOR = YES;
				GCC_WARN_UNINITIALIZED_AUTOS = YES_AGGRESSIVE;
				GCC_WARN_UNUSED_FUNCTION = YES;
				GCC_WARN_UNUSED_VARIABLE = YES;
				IPHONEOS_DEPLOYMENT_TARGET = 17.2;
				LOCALIZATION_PREFERS_STRING_CATALOGS = YES;
				MTL_ENABLE_DEBUG_INFO = NO;
				MTL_FAST_MATH = YES;
				SDKROOT = iphoneos;
				SWIFT_COMPILATION_MODE = wholemodule;
				VALIDATE_PRODUCT = YES;
			};
			name = Release;
		};
		ED96F8E52B62B57C0062245E /* Debug */ = {
			isa = XCBuildConfiguration;
			buildSettings = {
				ASSETCATALOG_COMPILER_APPICON_NAME = AppIcon;
				ASSETCATALOG_COMPILER_GLOBAL_ACCENT_COLOR_NAME = AccentColor;
				CODE_SIGN_ENTITLEMENTS = WeOut/WeOut.entitlements;
				CODE_SIGN_STYLE = Automatic;
				CURRENT_PROJECT_VERSION = 18;
				DEVELOPMENT_ASSET_PATHS = "\"WeOut/Preview Content\"";
				DEVELOPMENT_TEAM = HW7URT66C4;
				ENABLE_PREVIEWS = YES;
				GENERATE_INFOPLIST_FILE = YES;
				INFOPLIST_KEY_CFBundleDisplayName = weOUT;
				INFOPLIST_KEY_LSApplicationCategoryType = "public.app-category.travel";
				INFOPLIST_KEY_UIApplicationSceneManifest_Generation = YES;
				INFOPLIST_KEY_UIApplicationSupportsIndirectInputEvents = YES;
				INFOPLIST_KEY_UILaunchScreen_Generation = YES;
				INFOPLIST_KEY_UISupportedInterfaceOrientations = "UIInterfaceOrientationLandscapeLeft UIInterfaceOrientationLandscapeRight UIInterfaceOrientationPortrait UIInterfaceOrientationPortraitUpsideDown";
				IPHONEOS_DEPLOYMENT_TARGET = 17.0;
				LD_RUNPATH_SEARCH_PATHS = (
					"$(inherited)",
					"@executable_path/Frameworks",
				);
				MARKETING_VERSION = 0.1.0;
				OTHER_LDFLAGS = "-ObjC";
				PRODUCT_BUNDLE_IDENTIFIER = info.jloving.weOUT;
				PRODUCT_NAME = "$(TARGET_NAME)";
				SWIFT_EMIT_LOC_STRINGS = YES;
				SWIFT_VERSION = 5.0;
				TARGETED_DEVICE_FAMILY = "1,2";
			};
			name = Debug;
		};
		ED96F8E62B62B57C0062245E /* Release */ = {
			isa = XCBuildConfiguration;
			buildSettings = {
				ASSETCATALOG_COMPILER_APPICON_NAME = AppIcon;
				ASSETCATALOG_COMPILER_GLOBAL_ACCENT_COLOR_NAME = AccentColor;
				CODE_SIGN_ENTITLEMENTS = WeOut/WeOut.entitlements;
				CODE_SIGN_STYLE = Automatic;
				CURRENT_PROJECT_VERSION = 18;
				DEVELOPMENT_ASSET_PATHS = "\"WeOut/Preview Content\"";
				DEVELOPMENT_TEAM = HW7URT66C4;
				ENABLE_PREVIEWS = YES;
				GENERATE_INFOPLIST_FILE = YES;
				INFOPLIST_KEY_CFBundleDisplayName = weOUT;
				INFOPLIST_KEY_LSApplicationCategoryType = "public.app-category.travel";
				INFOPLIST_KEY_UIApplicationSceneManifest_Generation = YES;
				INFOPLIST_KEY_UIApplicationSupportsIndirectInputEvents = YES;
				INFOPLIST_KEY_UILaunchScreen_Generation = YES;
				INFOPLIST_KEY_UISupportedInterfaceOrientations = "UIInterfaceOrientationLandscapeLeft UIInterfaceOrientationLandscapeRight UIInterfaceOrientationPortrait UIInterfaceOrientationPortraitUpsideDown";
				IPHONEOS_DEPLOYMENT_TARGET = 17.0;
				LD_RUNPATH_SEARCH_PATHS = (
					"$(inherited)",
					"@executable_path/Frameworks",
				);
				MARKETING_VERSION = 0.1.0;
				OTHER_LDFLAGS = "-ObjC";
				PRODUCT_BUNDLE_IDENTIFIER = info.jloving.weOUT;
				PRODUCT_NAME = "$(TARGET_NAME)";
				SWIFT_EMIT_LOC_STRINGS = YES;
				SWIFT_VERSION = 5.0;
				TARGETED_DEVICE_FAMILY = "1,2";
			};
			name = Release;
		};
/* End XCBuildConfiguration section */

/* Begin XCConfigurationList section */
		ED96F8D12B62B57A0062245E /* Build configuration list for PBXProject "WeOut" */ = {
			isa = XCConfigurationList;
			buildConfigurations = (
				ED96F8E22B62B57C0062245E /* Debug */,
				ED96F8E32B62B57C0062245E /* Release */,
			);
			defaultConfigurationIsVisible = 0;
			defaultConfigurationName = Release;
		};
		ED96F8E42B62B57C0062245E /* Build configuration list for PBXNativeTarget "WeOut" */ = {
			isa = XCConfigurationList;
			buildConfigurations = (
				ED96F8E52B62B57C0062245E /* Debug */,
				ED96F8E62B62B57C0062245E /* Release */,
			);
			defaultConfigurationIsVisible = 0;
			defaultConfigurationName = Release;
		};
/* End XCConfigurationList section */

/* Begin XCRemoteSwiftPackageReference section */
		ED16C6E82BF4F7A5008E3BEA /* XCRemoteSwiftPackageReference "GoogleSignIn-iOS" */ = {
			isa = XCRemoteSwiftPackageReference;
			repositoryURL = "https://github.com/google/GoogleSignIn-iOS.git";
			requirement = {
				kind = upToNextMajorVersion;
				minimumVersion = 7.1.0;
			};
		};
		ED1EDE992BF269BE00026C25 /* XCRemoteSwiftPackageReference "firebase-ios-sdk" */ = {
			isa = XCRemoteSwiftPackageReference;
			repositoryURL = "https://github.com/firebase/firebase-ios-sdk.git";
			requirement = {
				kind = upToNextMajorVersion;
				minimumVersion = 10.26.0;
			};
		};
/* End XCRemoteSwiftPackageReference section */

/* Begin XCSwiftPackageProductDependency section */
		5E3ABB422C076E5D00229E64 /* FirebaseStorage */ = {
			isa = XCSwiftPackageProductDependency;
			productName = FirebaseStorage;
		};
		ED0E1E1E2BFCF6BC0022D6E7 /* GoogleSignIn */ = {
			isa = XCSwiftPackageProductDependency;
			package = ED16C6E82BF4F7A5008E3BEA /* XCRemoteSwiftPackageReference "GoogleSignIn-iOS" */;
			productName = GoogleSignIn;
		};
		ED0E1E202BFCF6BC0022D6E7 /* GoogleSignInSwift */ = {
			isa = XCSwiftPackageProductDependency;
			package = ED16C6E82BF4F7A5008E3BEA /* XCRemoteSwiftPackageReference "GoogleSignIn-iOS" */;
			productName = GoogleSignInSwift;
		};
		ED0E1E282BFD5D500022D6E7 /* FirebaseAuth */ = {
			isa = XCSwiftPackageProductDependency;
			package = ED1EDE992BF269BE00026C25 /* XCRemoteSwiftPackageReference "firebase-ios-sdk" */;
			productName = FirebaseAuth;
		};
		ED0E1E362BFE49D60022D6E7 /* FirebaseAppCheck */ = {
			isa = XCSwiftPackageProductDependency;
			package = ED1EDE992BF269BE00026C25 /* XCRemoteSwiftPackageReference "firebase-ios-sdk" */;
			productName = FirebaseAppCheck;
		};
		ED16C6E22BF3B78E008E3BEA /* FirebaseFirestore */ = {
			isa = XCSwiftPackageProductDependency;
			package = ED1EDE992BF269BE00026C25 /* XCRemoteSwiftPackageReference "firebase-ios-sdk" */;
			productName = FirebaseFirestore;
		};
		ED16C6E42BF3B79F008E3BEA /* FirebaseFirestoreSwift */ = {
			isa = XCSwiftPackageProductDependency;
			package = ED1EDE992BF269BE00026C25 /* XCRemoteSwiftPackageReference "firebase-ios-sdk" */;
			productName = FirebaseFirestoreSwift;
		};
/* End XCSwiftPackageProductDependency section */
	};
	rootObject = ED96F8CE2B62B57A0062245E /* Project object */;
}
